
Microsoft Visual Studio Solution File, Format Version 12.00
# Visual Studio Version 16
VisualStudioVersion = 16.0.30225.117
MinimumVisualStudioVersion = 10.0.40219.1
Project("{FAE04EC0-301F-11D3-BF4B-00C04F79EFBC}") = "TabRESTMigrate", "TabRESTMigrate\TabRESTMigrate.csproj", "{3E515DF4-BB4A-44D2-9BA8-2D41BF7C7444}"
EndProject
Project("{FAE04EC0-301F-11D3-BF4B-00C04F79EFBC}") = "TabMigrate.Core", "TabMigrate.Core\TabMigrate.Core.csproj", "{38ECEFC2-4375-4980-803B-8CE0F502BE25}"
EndProject
Project("{FAE04EC0-301F-11D3-BF4B-00C04F79EFBC}") = "TabMigrate.Console", "TabMigrate.Console\TabMigrate.Console.csproj", "{9552A878-D623-4D3B-A851-CC4F676FAB5D}"
EndProject
Global
	GlobalSection(SolutionConfigurationPlatforms) = preSolution
		Debug|Any CPU = Debug|Any CPU
		Release|Any CPU = Release|Any CPU
	EndGlobalSection
	GlobalSection(ProjectConfigurationPlatforms) = postSolution
		{3E515DF4-BB4A-44D2-9BA8-2D41BF7C7444}.Debug|Any CPU.ActiveCfg = Debug|Any CPU
		{3E515DF4-BB4A-44D2-9BA8-2D41BF7C7444}.Debug|Any CPU.Build.0 = Debug|Any CPU
		{3E515DF4-BB4A-44D2-9BA8-2D41BF7C7444}.Release|Any CPU.ActiveCfg = Release|Any CPU
		{3E515DF4-BB4A-44D2-9BA8-2D41BF7C7444}.Release|Any CPU.Build.0 = Release|Any CPU
		{38ECEFC2-4375-4980-803B-8CE0F502BE25}.Debug|Any CPU.ActiveCfg = Debug|Any CPU
		{38ECEFC2-4375-4980-803B-8CE0F502BE25}.Debug|Any CPU.Build.0 = Debug|Any CPU
		{38ECEFC2-4375-4980-803B-8CE0F502BE25}.Release|Any CPU.ActiveCfg = Release|Any CPU
		{38ECEFC2-4375-4980-803B-8CE0F502BE25}.Release|Any CPU.Build.0 = Release|Any CPU
		{9552A878-D623-4D3B-A851-CC4F676FAB5D}.Debug|Any CPU.ActiveCfg = Debug|Any CPU
		{9552A878-D623-4D3B-A851-CC4F676FAB5D}.Debug|Any CPU.Build.0 = Debug|Any CPU
		{9552A878-D623-4D3B-A851-CC4F676FAB5D}.Release|Any CPU.ActiveCfg = Release|Any CPU
		{9552A878-D623-4D3B-A851-CC4F676FAB5D}.Release|Any CPU.Build.0 = Release|Any CPU
	EndGlobalSection
	GlobalSection(SolutionProperties) = preSolution
		HideSolutionNode = FALSE
	EndGlobalSection
	GlobalSection(ExtensibilityGlobals) = postSolution
		SolutionGuid = {1783FF5C-158B-44CE-8C28-5C5B9EFE5025}
	EndGlobalSection
EndGlobal
